
Microsoft Visual Studio Solution File, Format Version 12.00
# Visual Studio 15
VisualStudioVersion = 15.0.28307.421
MinimumVisualStudioVersion = 10.0.40219.1
Project("{A07B5EB6-E848-4116-A8D0-A826331D98C6}") = "ServiceFabricStatefullService", "ServiceFabricStatefullService\ServiceFabricStatefullService.sfproj", "{74A138ED-0A3C-4E23-89EB-7985953C406C}"
EndProject
Project("{9A19103F-16F7-4668-BE54-9A1E7A4F7556}") = "EcommerceStateFull", "EcommerceStateFull\EcommerceStateFull.csproj", "{36F0EA37-9337-46E2-9E6C-BFB0795CD01C}"
EndProject
Project("{FAE04EC0-301F-11D3-BF4B-00C04F79EFBC}") = "Ecommerce.ProductCatelog.Model", "Ecommerce.ProductCatelog.Model\Ecommerce.ProductCatelog.Model.csproj", "{D80452F3-78CC-45B3-94B4-7CB08B9BBF4B}"
EndProject
Project("{FAE04EC0-301F-11D3-BF4B-00C04F79EFBC}") = "Ecommerce.API", "Ecommerce.API\Ecommerce.API.csproj", "{76BC6476-22FD-413F-B2B3-9348102223C0}"
EndProject
Global
	GlobalSection(SolutionConfigurationPlatforms) = preSolution
		Debug|Any CPU = Debug|Any CPU
		Debug|x64 = Debug|x64
		Release|Any CPU = Release|Any CPU
		Release|x64 = Release|x64
	EndGlobalSection
	GlobalSection(ProjectConfigurationPlatforms) = postSolution
		{74A138ED-0A3C-4E23-89EB-7985953C406C}.Debug|Any CPU.ActiveCfg = Debug|x64
		{74A138ED-0A3C-4E23-89EB-7985953C406C}.Debug|x64.ActiveCfg = Debug|x64
		{74A138ED-0A3C-4E23-89EB-7985953C406C}.Debug|x64.Build.0 = Debug|x64
		{74A138ED-0A3C-4E23-89EB-7985953C406C}.Debug|x64.Deploy.0 = Debug|x64
		{74A138ED-0A3C-4E23-89EB-7985953C406C}.Release|Any CPU.ActiveCfg = Release|x64
		{74A138ED-0A3C-4E23-89EB-7985953C406C}.Release|x64.ActiveCfg = Release|x64
		{74A138ED-0A3C-4E23-89EB-7985953C406C}.Release|x64.Build.0 = Release|x64
		{74A138ED-0A3C-4E23-89EB-7985953C406C}.Release|x64.Deploy.0 = Release|x64
		{36F0EA37-9337-46E2-9E6C-BFB0795CD01C}.Debug|Any CPU.ActiveCfg = Debug|Any CPU
		{36F0EA37-9337-46E2-9E6C-BFB0795CD01C}.Debug|Any CPU.Build.0 = Debug|Any CPU
		{36F0EA37-9337-46E2-9E6C-BFB0795CD01C}.Debug|x64.ActiveCfg = Debug|Any CPU
		{36F0EA37-9337-46E2-9E6C-BFB0795CD01C}.Debug|x64.Build.0 = Debug|Any CPU
		{36F0EA37-9337-46E2-9E6C-BFB0795CD01C}.Release|Any CPU.ActiveCfg = Release|Any CPU
		{36F0EA37-9337-46E2-9E6C-BFB0795CD01C}.Release|Any CPU.Build.0 = Release|Any CPU
		{36F0EA37-9337-46E2-9E6C-BFB0795CD01C}.Release|x64.ActiveCfg = Release|Any CPU
		{36F0EA37-9337-46E2-9E6C-BFB0795CD01C}.Release|x64.Build.0 = Release|Any CPU
		{D80452F3-78CC-45B3-94B4-7CB08B9BBF4B}.Debug|Any CPU.ActiveCfg = Debug|Any CPU
		{D80452F3-78CC-45B3-94B4-7CB08B9BBF4B}.Debug|Any CPU.Build.0 = Debug|Any CPU
		{D80452F3-78CC-45B3-94B4-7CB08B9BBF4B}.Debug|x64.ActiveCfg = Debug|Any CPU
		{D80452F3-78CC-45B3-94B4-7CB08B9BBF4B}.Debug|x64.Build.0 = Debug|Any CPU
		{D80452F3-78CC-45B3-94B4-7CB08B9BBF4B}.Release|Any CPU.ActiveCfg = Release|Any CPU
		{D80452F3-78CC-45B3-94B4-7CB08B9BBF4B}.Release|Any CPU.Build.0 = Release|Any CPU
		{D80452F3-78CC-45B3-94B4-7CB08B9BBF4B}.Release|x64.ActiveCfg = Release|Any CPU
		{D80452F3-78CC-45B3-94B4-7CB08B9BBF4B}.Release|x64.Build.0 = Release|Any CPU
		{76BC6476-22FD-413F-B2B3-9348102223C0}.Debug|Any CPU.ActiveCfg = Debug|Any CPU
		{76BC6476-22FD-413F-B2B3-9348102223C0}.Debug|Any CPU.Build.0 = Debug|Any CPU
		{76BC6476-22FD-413F-B2B3-9348102223C0}.Debug|x64.ActiveCfg = Debug|Any CPU
		{76BC6476-22FD-413F-B2B3-9348102223C0}.Debug|x64.Build.0 = Debug|Any CPU
		{76BC6476-22FD-413F-B2B3-9348102223C0}.Release|Any CPU.ActiveCfg = Release|Any CPU
		{76BC6476-22FD-413F-B2B3-9348102223C0}.Release|Any CPU.Build.0 = Release|Any CPU
		{76BC6476-22FD-413F-B2B3-9348102223C0}.Release|x64.ActiveCfg = Release|Any CPU
		{76BC6476-22FD-413F-B2B3-9348102223C0}.Release|x64.Build.0 = Release|Any CPU
	EndGlobalSection
	GlobalSection(SolutionProperties) = preSolution
		HideSolutionNode = FALSE
	EndGlobalSection
	GlobalSection(ExtensibilityGlobals) = postSolution
		SolutionGuid = {0E9297E0-AFF5-44E4-94CD-5691CBE76210}
	EndGlobalSection
EndGlobal
